
Microsoft Visual Studio Solution File, Format Version 12.00
# Visual Studio Version 17
VisualStudioVersion = 17.6.33815.320
MinimumVisualStudioVersion = 10.0.40219.1
Project("{9A19103F-16F7-4668-BE54-9A1E7A4F7556}") = "WpfNetMusic", "WpfNetMusic\WpfNetMusic.csproj", "{6D1B5FD9-BFEF-4A0F-92FC-738A1E703DA6}"
EndProject
Project("{9A19103F-16F7-4668-BE54-9A1E7A4F7556}") = "DataAccess", "DataAccess\DataAccess.csproj", "{ECACC96C-72DA-4A03-BE03-E77D3E54C8D4}"
EndProject
Project("{9A19103F-16F7-4668-BE54-9A1E7A4F7556}") = "Snowflake.Net", "Snowflake.Net\Snowflake.Net.csproj", "{97E4650C-1719-4BF8-B75B-1AB53082D3A0}"
EndProject
Global
	GlobalSection(SolutionConfigurationPlatforms) = preSolution
		Debug|Any CPU = Debug|Any CPU
		Debug|x86 = Debug|x86
		Release|Any CPU = Release|Any CPU
		Release|x86 = Release|x86
	EndGlobalSection
	GlobalSection(ProjectConfigurationPlatforms) = postSolution
		{6D1B5FD9-BFEF-4A0F-92FC-738A1E703DA6}.Debug|Any CPU.ActiveCfg = Debug|Any CPU
		{6D1B5FD9-BFEF-4A0F-92FC-738A1E703DA6}.Debug|Any CPU.Build.0 = Debug|Any CPU
		{6D1B5FD9-BFEF-4A0F-92FC-738A1E703DA6}.Debug|x86.ActiveCfg = Debug|Any CPU
		{6D1B5FD9-BFEF-4A0F-92FC-738A1E703DA6}.Debug|x86.Build.0 = Debug|Any CPU
		{6D1B5FD9-BFEF-4A0F-92FC-738A1E703DA6}.Release|Any CPU.ActiveCfg = Release|Any CPU
		{6D1B5FD9-BFEF-4A0F-92FC-738A1E703DA6}.Release|Any CPU.Build.0 = Release|Any CPU
		{6D1B5FD9-BFEF-4A0F-92FC-738A1E703DA6}.Release|x86.ActiveCfg = Release|Any CPU
		{6D1B5FD9-BFEF-4A0F-92FC-738A1E703DA6}.Release|x86.Build.0 = Release|Any CPU
		{ECACC96C-72DA-4A03-BE03-E77D3E54C8D4}.Debug|Any CPU.ActiveCfg = Debug|Any CPU
		{ECACC96C-72DA-4A03-BE03-E77D3E54C8D4}.Debug|Any CPU.Build.0 = Debug|Any CPU
		{ECACC96C-72DA-4A03-BE03-E77D3E54C8D4}.Debug|x86.ActiveCfg = Debug|Any CPU
		{ECACC96C-72DA-4A03-BE03-E77D3E54C8D4}.Debug|x86.Build.0 = Debug|Any CPU
		{ECACC96C-72DA-4A03-BE03-E77D3E54C8D4}.Release|Any CPU.ActiveCfg = Release|Any CPU
		{ECACC96C-72DA-4A03-BE03-E77D3E54C8D4}.Release|Any CPU.Build.0 = Release|Any CPU
		{ECACC96C-72DA-4A03-BE03-E77D3E54C8D4}.Release|x86.ActiveCfg = Release|Any CPU
		{ECACC96C-72DA-4A03-BE03-E77D3E54C8D4}.Release|x86.Build.0 = Release|Any CPU
		{97E4650C-1719-4BF8-B75B-1AB53082D3A0}.Debug|Any CPU.ActiveCfg = Debug|Any CPU
		{97E4650C-1719-4BF8-B75B-1AB53082D3A0}.Debug|Any CPU.Build.0 = Debug|Any CPU
		{97E4650C-1719-4BF8-B75B-1AB53082D3A0}.Debug|x86.ActiveCfg = Debug|Any CPU
		{97E4650C-1719-4BF8-B75B-1AB53082D3A0}.Debug|x86.Build.0 = Debug|Any CPU
		{97E4650C-1719-4BF8-B75B-1AB53082D3A0}.Release|Any CPU.ActiveCfg = Release|Any CPU
		{97E4650C-1719-4BF8-B75B-1AB53082D3A0}.Release|Any CPU.Build.0 = Release|Any CPU
		{97E4650C-1719-4BF8-B75B-1AB53082D3A0}.Release|x86.ActiveCfg = Release|Any CPU
		{97E4650C-1719-4BF8-B75B-1AB53082D3A0}.Release|x86.Build.0 = Release|Any CPU
	EndGlobalSection
	GlobalSection(SolutionProperties) = preSolution
		HideSolutionNode = FALSE
	EndGlobalSection
	GlobalSection(ExtensibilityGlobals) = postSolution
		SolutionGuid = {4C6B5C95-FD79-4922-9767-C75ABCCB695E}
	EndGlobalSection
EndGlobal
